uuid: 8e54aeb4-d161-4b01-a15e-d0ce10d16374
langcode: en
status: true
dependencies:
  module:
    - menu_ui
third_party_settings:
  menu_ui:
    available_menus: {  }
    parent: ''
name: immunology-block
type: immunology_block
description: ''
help: ''
new_revision: false
preview_mode: 1
display_submitted: false
