uuid: 4bb10899-7b52-4853-9c32-23130a0365a6
langcode: en
status: true
dependencies:
  module:
    - menu_ui
third_party_settings:
  menu_ui:
    available_menus: {  }
    parent: ''
name: publication-block
type: publication_block
description: ''
help: ''
new_revision: false
preview_mode: 1
display_submitted: false
